// !$*UTF8*$!
{
	archiveVersion = 1;
	classes = {
	};
	objectVersion = 46;
	objects = {

/* Begin PBXBuildFile section */
		D43C94A81E6C67DA001C7C1E /* bfs.cpp in Sources */ = {isa = PBXBuildFile; fileRef = D43C94A71E6C67DA001C7C1E /* bfs.cpp */; };
		D43C94AA1E6C683F001C7C1E /* io_data.cpp in Sources */ = {isa = PBXBuildFile; fileRef = D43C94A91E6C683F001C7C1E /* io_data.cpp */; };
		D43C94AC1E6C68ED001C7C1E /* chess_algorithm.cpp in Sources */ = {isa = PBXBuildFile; fileRef = D43C94AB1E6C68ED001C7C1E /* chess_algorithm.cpp */; };
		D4628E871E8E48DC00AFDD77 /* a_star_algorithm.cpp in Sources */ = {isa = PBXBuildFile; fileRef = D4628E861E8E48DC00AFDD77 /* a_star_algorithm.cpp */; };
		D478BF7C1E80CFCD000CBA9F /* SpanningTree_Prim.cpp in Sources */ = {isa = PBXBuildFile; fileRef = D478BF7B1E80CFCD000CBA9F /* SpanningTree_Prim.cpp */; };
		D478BF7E1E816E55000CBA9F /* series_hotel.cpp in Sources */ = {isa = PBXBuildFile; fileRef = D478BF7D1E816E55000CBA9F /* series_hotel.cpp */; };
		D4CE7CB81E671EFB001F3F5D /* main.cpp in Sources */ = {isa = PBXBuildFile; fileRef = D4CE7CB71E671EFB001F3F5D /* main.cpp */; };
		D4CE7CC01E671F56001F3F5D /* dfs.cpp in Sources */ = {isa = PBXBuildFile; fileRef = D4CE7CBE1E671F56001F3F5D /* dfs.cpp */; };
/* End PBXBuildFile section */

/* Begin PBXCopyFilesBuildPhase section */
		D4CE7CB21E671EFA001F3F5D /* CopyFiles */ = {
			isa = PBXCopyFilesBuildPhase;
			buildActionMask = 2147483647;
			dstPath = /usr/share/man/man1/;
			dstSubfolderSpec = 0;
			files = (
			);
			runOnlyForDeploymentPostprocessing = 1;
		};
/* End PBXCopyFilesBuildPhase section */

/* Begin PBXFileReference section */
		D43C94A71E6C67DA001C7C1E /* bfs.cpp */ = {isa = PBXFileReference; fileEncoding = 4; lastKnownFileType = sourcecode.cpp.cpp; path = bfs.cpp; sourceTree = "<group>"; };
		D43C94A91E6C683F001C7C1E /* io_data.cpp */ = {isa = PBXFileReference; fileEncoding = 4; lastKnownFileType = sourcecode.cpp.cpp; path = io_data.cpp; sourceTree = "<group>"; };
		D43C94AB1E6C68ED001C7C1E /* chess_algorithm.cpp */ = {isa = PBXFileReference; fileEncoding = 4; lastKnownFileType = sourcecode.cpp.cpp; path = chess_algorithm.cpp; sourceTree = "<group>"; };
		D4628E861E8E48DC00AFDD77 /* a_star_algorithm.cpp */ = {isa = PBXFileReference; fileEncoding = 4; lastKnownFileType = sourcecode.cpp.cpp; path = a_star_algorithm.cpp; sourceTree = "<group>"; };
		D478BF7B1E80CFCD000CBA9F /* SpanningTree_Prim.cpp */ = {isa = PBXFileReference; fileEncoding = 4; lastKnownFileType = sourcecode.cpp.cpp; path = SpanningTree_Prim.cpp; sourceTree = "<group>"; };
		D478BF7D1E816E55000CBA9F /* series_hotel.cpp */ = {isa = PBXFileReference; fileEncoding = 4; lastKnownFileType = sourcecode.cpp.cpp; path = series_hotel.cpp; sourceTree = "<group>"; };
		D4B2D4381E82AB6F00D72A38 /* txt_input */ = {isa = PBXFileReference; lastKnownFileType = folder; path = txt_input; sourceTree = "<group>"; };
		D4CE7CB41E671EFB001F3F5D /* DFS_BFS */ = {isa = PBXFileReference; explicitFileType = "compiled.mach-o.executable"; includeInIndex = 0; path = DFS_BFS; sourceTree = BUILT_PRODUCTS_DIR; };
		D4CE7CB71E671EFB001F3F5D /* main.cpp */ = {isa = PBXFileReference; lastKnownFileType = sourcecode.cpp.cpp; path = main.cpp; sourceTree = "<group>"; };
		D4CE7CBE1E671F56001F3F5D /* dfs.cpp */ = {isa = PBXFileReference; fileEncoding = 4; lastKnownFileType = sourcecode.cpp.cpp; path = dfs.cpp; sourceTree = "<group>"; };
		D4CE7CBF1E671F56001F3F5D /* declare.hpp */ = {isa = PBXFileReference; fileEncoding = 4; lastKnownFileType = sourcecode.cpp.h; path = declare.hpp; sourceTree = "<group>"; };
/* End PBXFileReference section */

/* Begin PBXFrameworksBuildPhase section */
		D4CE7CB11E671EFA001F3F5D /* Frameworks */ = {
			isa = PBXFrameworksBuildPhase;
			buildActionMask = 2147483647;
			files = (
			);
			runOnlyForDeploymentPostprocessing = 0;
		};
/* End PBXFrameworksBuildPhase section */

/* Begin PBXGroup section */
		D4CE7CAB1E671EFA001F3F5D = {
			isa = PBXGroup;
			children = (
				D4CE7CB61E671EFB001F3F5D /* DFS_BFS */,
				D4CE7CB51E671EFB001F3F5D /* Products */,
			);
			sourceTree = "<group>";
		};
		D4CE7CB51E671EFB001F3F5D /* Products */ = {
			isa = PBXGroup;
			children = (
				D4CE7CB41E671EFB001F3F5D /* DFS_BFS */,
			);
			name = Products;
			sourceTree = "<group>";
		};
		D4CE7CB61E671EFB001F3F5D /* DFS_BFS */ = {
			isa = PBXGroup;
			children = (
				D4B2D4381E82AB6F00D72A38 /* txt_input */,
				D43C94A71E6C67DA001C7C1E /* bfs.cpp */,
				D43C94AB1E6C68ED001C7C1E /* chess_algorithm.cpp */,
				D4CE7CBE1E671F56001F3F5D /* dfs.cpp */,
				D43C94A91E6C683F001C7C1E /* io_data.cpp */,
				D4CE7CB71E671EFB001F3F5D /* main.cpp */,
				D4CE7CBF1E671F56001F3F5D /* declare.hpp */,
				D478BF7B1E80CFCD000CBA9F /* SpanningTree_Prim.cpp */,
				D478BF7D1E816E55000CBA9F /* series_hotel.cpp */,
				D4628E861E8E48DC00AFDD77 /* a_star_algorithm.cpp */,
			);
			path = DFS_BFS;
			sourceTree = "<group>";
		};
/* End PBXGroup section */

/* Begin PBXNativeTarget section */
		D4CE7CB31E671EFA001F3F5D /* DFS_BFS */ = {
			isa = PBXNativeTarget;
			buildConfigurationList = D4CE7CBB1E671EFB001F3F5D /* Build configuration list for PBXNativeTarget "DFS_BFS" */;
			buildPhases = (
				D4CE7CB01E671EFA001F3F5D /* Sources */,
				D4CE7CB11E671EFA001F3F5D /* Frameworks */,
				D4CE7CB21E671EFA001F3F5D /* CopyFiles */,
			);
			buildRules = (
			);
			dependencies = (
			);
			name = DFS_BFS;
			productName = DFS_BFS;
			productReference = D4CE7CB41E671EFB001F3F5D /* DFS_BFS */;
			productType = "com.apple.product-type.tool";
		};
/* End PBXNativeTarget section */

/* Begin PBXProject section */
		D4CE7CAC1E671EFA001F3F5D /* Project object */ = {
			isa = PBXProject;
			attributes = {
				LastUpgradeCheck = 0820;
				ORGANIZATIONNAME = ThucHD;
				TargetAttributes = {
					D4CE7CB31E671EFA001F3F5D = {
						CreatedOnToolsVersion = 8.2.1;
						ProvisioningStyle = Automatic;
					};
				};
			};
			buildConfigurationList = D4CE7CAF1E671EFA001F3F5D /* Build configuration list for PBXProject "DFS_BFS" */;
			compatibilityVersion = "Xcode 3.2";
			developmentRegion = English;
			hasScannedForEncodings = 0;
			knownRegions = (
				en,
			);
			mainGroup = D4CE7CAB1E671EFA001F3F5D;
			productRefGroup = D4CE7CB51E671EFB001F3F5D /* Products */;
			projectDirPath = "";
			projectRoot = "";
			targets = (
				D4CE7CB31E671EFA001F3F5D /* DFS_BFS */,
			);
		};
/* End PBXProject section */

/* Begin PBXSourcesBuildPhase section */
		D4CE7CB01E671EFA001F3F5D /* Sources */ = {
			isa = PBXSourcesBuildPhase;
			buildActionMask = 2147483647;
			files = (
				D43C94A81E6C67DA001C7C1E /* bfs.cpp in Sources */,
				D478BF7C1E80CFCD000CBA9F /* SpanningTree_Prim.cpp in Sources */,
				D478BF7E1E816E55000CBA9F /* series_hotel.cpp in Sources */,
				D43C94AC1E6C68ED001C7C1E /* chess_algorithm.cpp in Sources */,
				D43C94AA1E6C683F001C7C1E /* io_data.cpp in Sources */,
				D4628E871E8E48DC00AFDD77 /* a_star_algorithm.cpp in Sources */,
				D4CE7CB81E671EFB001F3F5D /* main.cpp in Sources */,
				D4CE7CC01E671F56001F3F5D /* dfs.cpp in Sources */,
			);
			runOnlyForDeploymentPostprocessing = 0;
		};
/* End PBXSourcesBuildPhase section */

/* Begin XCBuildConfiguration section */
		D4CE7CB91E671EFB001F3F5D /* Debug */ = {
			isa = XCBuildConfiguration;
			buildSettings = {
				ALWAYS_SEARCH_USER_PATHS = NO;
				CLANG_ANALYZER_NONNULL = YES;
				CLANG_CXX_LANGUAGE_STANDARD = "gnu++0x";
				CLANG_CXX_LIBRARY = "libc++";
				CLANG_ENABLE_MODULES = YES;
				CLANG_ENABLE_OBJC_ARC = YES;
				CLANG_WARN_BOOL_CONVERSION = YES;
				CLANG_WARN_CONSTANT_CONVERSION = YES;
				CLANG_WARN_DIRECT_OBJC_ISA_USAGE = YES_ERROR;
				CLANG_WARN_DOCUMENTATION_COMMENTS = YES;
				CLANG_WARN_EMPTY_BODY = YES;
				CLANG_WARN_ENUM_CONVERSION = YES;
				CLANG_WARN_INFINITE_RECURSION = YES;
				CLANG_WARN_INT_CONVERSION = YES;
				CLANG_WARN_OBJC_ROOT_CLASS = YES_ERROR;
				CLANG_WARN_SUSPICIOUS_MOVE = YES;
				CLANG_WARN_UNREACHABLE_CODE = YES;
				CLANG_WARN__DUPLICATE_METHOD_MATCH = YES;
				CODE_SIGN_IDENTITY = "-";
				COPY_PHASE_STRIP = NO;
				DEBUG_INFORMATION_FORMAT = dwarf;
				ENABLE_STRICT_OBJC_MSGSEND = YES;
				ENABLE_TESTABILITY = YES;
				GCC_C_LANGUAGE_STANDARD = gnu99;
				GCC_DYNAMIC_NO_PIC = NO;
				GCC_NO_COMMON_BLOCKS = YES;
				GCC_OPTIMIZATION_LEVEL = 0;
				GCC_PREPROCESSOR_DEFINITIONS = (
					"DEBUG=1",
					"$(inherited)",
				);
				GCC_WARN_64_TO_32_BIT_CONVERSION = YES;
				GCC_WARN_ABOUT_RETURN_TYPE = YES_ERROR;
				GCC_WARN_UNDECLARED_SELECTOR = YES;
				GCC_WARN_UNINITIALIZED_AUTOS = YES_AGGRESSIVE;
				GCC_WARN_UNUSED_FUNCTION = YES;
				GCC_WARN_UNUSED_VARIABLE = YES;
				MACOSX_DEPLOYMENT_TARGET = 10.12;
				MTL_ENABLE_DEBUG_INFO = YES;
				ONLY_ACTIVE_ARCH = YES;
				SDKROOT = macosx;
			};
			name = Debug;
		};
		D4CE7CBA1E671EFB001F3F5D /* Release */ = {
			isa = XCBuildConfiguration;
			buildSettings = {
				ALWAYS_SEARCH_USER_PATHS = NO;
				CLANG_ANALYZER_NONNULL = YES;
				CLANG_CXX_LANGUAGE_STANDARD = "gnu++0x";
				CLANG_CXX_LIBRARY = "libc++";
				CLANG_ENABLE_MODULES = YES;
				CLANG_ENABLE_OBJC_ARC = YES;
				CLANG_WARN_BOOL_CONVERSION = YES;
				CLANG_WARN_CONSTANT_CONVERSION = YES;
				CLANG_WARN_DIRECT_OBJC_ISA_USAGE = YES_ERROR;
				CLANG_WARN_DOCUMENTATION_COMMENTS = YES;
				CLANG_WARN_EMPTY_BODY = YES;
				CLANG_WARN_ENUM_CONVERSION = YES;
				CLANG_WARN_INFINITE_RECURSION = YES;
				CLANG_WARN_INT_CONVERSION = YES;
				CLANG_WARN_OBJC_ROOT_CLASS = YES_ERROR;
				CLANG_WARN_SUSPICIOUS_MOVE = YES;
				CLANG_WARN_UNREACHABLE_CODE = YES;
				CLANG_WARN__DUPLICATE_METHOD_MATCH = YES;
				CODE_SIGN_IDENTITY = "-";
				COPY_PHASE_STRIP = NO;
				DEBUG_INFORMATION_FORMAT = "dwarf-with-dsym";
				ENABLE_NS_ASSERTIONS = NO;
				ENABLE_STRICT_OBJC_MSGSEND = YES;
				GCC_C_LANGUAGE_STANDARD = gnu99;
				GCC_NO_COMMON_BLOCKS = YES;
				GCC_WARN_64_TO_32_BIT_CONVERSION = YES;
				GCC_WARN_ABOUT_RETURN_TYPE = YES_ERROR;
				GCC_WARN_UNDECLARED_SELECTOR = YES;
				GCC_WARN_UNINITIALIZED_AUTOS = YES_AGGRESSIVE;
				GCC_WARN_UNUSED_FUNCTION = YES;
				GCC_WARN_UNUSED_VARIABLE = YES;
				MACOSX_DEPLOYMENT_TARGET = 10.12;
				MTL_ENABLE_DEBUG_INFO = NO;
				SDKROOT = macosx;
			};
			name = Release;
		};
		D4CE7CBC1E671EFB001F3F5D /* Debug */ = {
			isa = XCBuildConfiguration;
			buildSettings = {
				PRODUCT_NAME = "$(TARGET_NAME)";
			};
			name = Debug;
		};
		D4CE7CBD1E671EFB001F3F5D /* Release */ = {
			isa = XCBuildConfiguration;
			buildSettings = {
				PRODUCT_NAME = "$(TARGET_NAME)";
			};
			name = Release;
		};
/* End XCBuildConfiguration section */

/* Begin XCConfigurationList section */
		D4CE7CAF1E671EFA001F3F5D /* Build configuration list for PBXProject "DFS_BFS" */ = {
			isa = XCConfigurationList;
			buildConfigurations = (
				D4CE7CB91E671EFB001F3F5D /* Debug */,
				D4CE7CBA1E671EFB001F3F5D /* Release */,
			);
			defaultConfigurationIsVisible = 0;
			defaultConfigurationName = Release;
		};
		D4CE7CBB1E671EFB001F3F5D /* Build configuration list for PBXNativeTarget "DFS_BFS" */ = {
			isa = XCConfigurationList;
			buildConfigurations = (
				D4CE7CBC1E671EFB001F3F5D /* Debug */,
				D4CE7CBD1E671EFB001F3F5D /* Release */,
			);
			defaultConfigurationIsVisible = 0;
			defaultConfigurationName = Release;
		};
/* End XCConfigurationList section */
	};
	rootObject = D4CE7CAC1E671EFA001F3F5D /* Project object */;
}
